# generated by rye
# use `rye lock` or `rye sync` to update this lockfile
#
# last locked with the following flags:
#   pre: false
#   features: []
#   all-features: false

-e file:.
aiodns==3.0.0
aiohttp==3.8.4
aiosignal==1.3.1
async-timeout==4.0.2
attrs==23.1.0
black==23.3.0
brotli==1.0.9
cffi==1.15.1
cfgv==3.3.1
charset-normalizer==3.1.0
click==8.1.3
discord-py @ git+https://github.com/Rapptz/discord.py.git
distlib==0.3.6
filelock==3.12.0
flake8==6.0.0
flake8-isort==6.0.0
frozenlist==1.3.3
identify==2.5.24
idna==3.4
isort==5.12.0
mccabe==0.7.0
multidict==6.0.4
mypy==0.991
mypy-extensions==1.0.0
nodeenv==1.8.0
orjson==3.8.14
packaging==23.1
pastel==0.2.1
pathspec==0.11.1
platformdirs==3.5.1
poethepoet==0.20.0
pre-commit==3.3.2
pycares==4.3.0
pycodestyle==2.10.0
pycparser==2.21
pydantic==1.10.8
pyflakes==3.0.1
pynacl==1.5.0
pyproject-flake8==6.0.0.post1
python-dotenv==1.0.0
pyyaml==6.0
tomli==2.0.1
typing-extensions==4.6.2
virtualenv==20.23.0
yarl==1.9.2
# The following packages are considered to be unsafe in a requirements file:
setuptools==67.8.0
